
Microsoft Visual Studio Solution File, Format Version 12.00
# Visual Studio Version 16
VisualStudioVersion = 16.0.29920.165
MinimumVisualStudioVersion = 10.0.40219.1
Project("{FAE04EC0-301F-11D3-BF4B-00C04F79EFBC}") = "MusicPlaylist", "MusicPlaylist\MusicPlaylist.csproj", "{6AFFA176-ACAA-43B1-933D-F937DD9EBE88}"
EndProject
Global
	GlobalSection(SolutionConfigurationPlatforms) = preSolution
		Debug|Any CPU = Debug|Any CPU
		Release|Any CPU = Release|Any CPU
	EndGlobalSection
	GlobalSection(ProjectConfigurationPlatforms) = postSolution
		{6AFFA176-ACAA-43B1-933D-F937DD9EBE88}.Debug|Any CPU.ActiveCfg = Debug|Any CPU
		{6AFFA176-ACAA-43B1-933D-F937DD9EBE88}.Debug|Any CPU.Build.0 = Debug|Any CPU
		{6AFFA176-ACAA-43B1-933D-F937DD9EBE88}.Release|Any CPU.ActiveCfg = Release|Any CPU
		{6AFFA176-ACAA-43B1-933D-F937DD9EBE88}.Release|Any CPU.Build.0 = Release|Any CPU
	EndGlobalSection
	GlobalSection(SolutionProperties) = preSolution
		HideSolutionNode = FALSE
	EndGlobalSection
	GlobalSection(ExtensibilityGlobals) = postSolution
		SolutionGuid = {B6494D9D-6588-4800-8A3A-00411E34D65F}
	EndGlobalSection
EndGlobal
